// !$*UTF8*$!
{
	archiveVersion = 1;
	classes = {
	};
	objectVersion = 46;
	objects = {

/* Begin PBXBuildFile section */
		686A05801D57184B009CD2D9 /* main.m in Sources */ = {isa = PBXBuildFile; fileRef = 686A057F1D57184B009CD2D9 /* main.m */; };
		686A05831D57184B009CD2D9 /* AppDelegate.m in Sources */ = {isa = PBXBuildFile; fileRef = 686A05821D57184B009CD2D9 /* AppDelegate.m */; };
		686A05861D57184B009CD2D9 /* ViewController.m in Sources */ = {isa = PBXBuildFile; fileRef = 686A05851D57184B009CD2D9 /* ViewController.m */; };
		686A05891D57184B009CD2D9 /* Main.storyboard in Resources */ = {isa = PBXBuildFile; fileRef = 686A05871D57184B009CD2D9 /* Main.storyboard */; };
		686A058B1D57184B009CD2D9 /* Assets.xcassets in Resources */ = {isa = PBXBuildFile; fileRef = 686A058A1D57184B009CD2D9 /* Assets.xcassets */; };
		686A058E1D57184B009CD2D9 /* LaunchScreen.storyboard in Resources */ = {isa = PBXBuildFile; fileRef = 686A058C1D57184B009CD2D9 /* LaunchScreen.storyboard */; };
		6ED4F8571EBE27410074633B /* FXBlurView.m in Sources */ = {isa = PBXBuildFile; fileRef = 6ED4F8541EBE27410074633B /* FXBlurView.m */; };
		6ED4F8581EBE27410074633B /* SRAlertView.m in Sources */ = {isa = PBXBuildFile; fileRef = 6ED4F8561EBE27410074633B /* SRAlertView.m */; };
/* End PBXBuildFile section */

/* Begin PBXFileReference section */
		686A057B1D57184B009CD2D9 /* SRAlertViewDemo.app */ = {isa = PBXFileReference; explicitFileType = wrapper.application; includeInIndex = 0; path = SRAlertViewDemo.app; sourceTree = BUILT_PRODUCTS_DIR; };
		686A057F1D57184B009CD2D9 /* main.m */ = {isa = PBXFileReference; lastKnownFileType = sourcecode.c.objc; path = main.m; sourceTree = "<group>"; };
		686A05811D57184B009CD2D9 /* AppDelegate.h */ = {isa = PBXFileReference; lastKnownFileType = sourcecode.c.h; path = AppDelegate.h; sourceTree = "<group>"; };
		686A05821D57184B009CD2D9 /* AppDelegate.m */ = {isa = PBXFileReference; lastKnownFileType = sourcecode.c.objc; path = AppDelegate.m; sourceTree = "<group>"; };
		686A05841D57184B009CD2D9 /* ViewController.h */ = {isa = PBXFileReference; lastKnownFileType = sourcecode.c.h; path = ViewController.h; sourceTree = "<group>"; };
		686A05851D57184B009CD2D9 /* ViewController.m */ = {isa = PBXFileReference; lastKnownFileType = sourcecode.c.objc; path = ViewController.m; sourceTree = "<group>"; };
		686A05881D57184B009CD2D9 /* Base */ = {isa = PBXFileReference; lastKnownFileType = file.storyboard; name = Base; path = Base.lproj/Main.storyboard; sourceTree = "<group>"; };
		686A058A1D57184B009CD2D9 /* Assets.xcassets */ = {isa = PBXFileReference; lastKnownFileType = folder.assetcatalog; path = Assets.xcassets; sourceTree = "<group>"; };
		686A058D1D57184B009CD2D9 /* Base */ = {isa = PBXFileReference; lastKnownFileType = file.storyboard; name = Base; path = Base.lproj/LaunchScreen.storyboard; sourceTree = "<group>"; };
		686A058F1D57184B009CD2D9 /* Info.plist */ = {isa = PBXFileReference; lastKnownFileType = text.plist.xml; path = Info.plist; sourceTree = "<group>"; };
		6ED4F8531EBE27410074633B /* FXBlurView.h */ = {isa = PBXFileReference; fileEncoding = 4; lastKnownFileType = sourcecode.c.h; path = FXBlurView.h; sourceTree = "<group>"; };
		6ED4F8541EBE27410074633B /* FXBlurView.m */ = {isa = PBXFileReference; fileEncoding = 4; lastKnownFileType = sourcecode.c.objc; path = FXBlurView.m; sourceTree = "<group>"; };
		6ED4F8551EBE27410074633B /* SRAlertView.h */ = {isa = PBXFileReference; fileEncoding = 4; lastKnownFileType = sourcecode.c.h; path = SRAlertView.h; sourceTree = "<group>"; };
		6ED4F8561EBE27410074633B /* SRAlertView.m */ = {isa = PBXFileReference; fileEncoding = 4; lastKnownFileType = sourcecode.c.objc; path = SRAlertView.m; sourceTree = "<group>"; };
/* End PBXFileReference section */

/* Begin PBXFrameworksBuildPhase section */
		686A05781D57184B009CD2D9 /* Frameworks */ = {
			isa = PBXFrameworksBuildPhase;
			buildActionMask = 2147483647;
			files = (
			);
			runOnlyForDeploymentPostprocessing = 0;
		};
/* End PBXFrameworksBuildPhase section */

/* Begin PBXGroup section */
		686A05721D57184B009CD2D9 = {
			isa = PBXGroup;
			children = (
				686A057D1D57184B009CD2D9 /* SRAlertViewDemo */,
				686A057C1D57184B009CD2D9 /* Products */,
			);
			sourceTree = "<group>";
		};
		686A057C1D57184B009CD2D9 /* Products */ = {
			isa = PBXGroup;
			children = (
				686A057B1D57184B009CD2D9 /* SRAlertViewDemo.app */,
			);
			name = Products;
			sourceTree = "<group>";
		};
		686A057D1D57184B009CD2D9 /* SRAlertViewDemo */ = {
			isa = PBXGroup;
			children = (
				6ED4F8511EBE27410074633B /* SRAlertView */,
				686A05841D57184B009CD2D9 /* ViewController.h */,
				686A05851D57184B009CD2D9 /* ViewController.m */,
				686A05871D57184B009CD2D9 /* Main.storyboard */,
				686A057E1D57184B009CD2D9 /* Supporting Files */,
			);
			path = SRAlertViewDemo;
			sourceTree = "<group>";
		};
		686A057E1D57184B009CD2D9 /* Supporting Files */ = {
			isa = PBXGroup;
			children = (
				686A057F1D57184B009CD2D9 /* main.m */,
				686A05811D57184B009CD2D9 /* AppDelegate.h */,
				686A05821D57184B009CD2D9 /* AppDelegate.m */,
				686A058C1D57184B009CD2D9 /* LaunchScreen.storyboard */,
				686A058A1D57184B009CD2D9 /* Assets.xcassets */,
				686A058F1D57184B009CD2D9 /* Info.plist */,
			);
			name = "Supporting Files";
			sourceTree = "<group>";
		};
		6ED4F8511EBE27410074633B /* SRAlertView */ = {
			isa = PBXGroup;
			children = (
				6ED4F8521EBE27410074633B /* FXBlurView */,
				6ED4F8551EBE27410074633B /* SRAlertView.h */,
				6ED4F8561EBE27410074633B /* SRAlertView.m */,
			);
			name = SRAlertView;
			path = ../../SRAlertView;
			sourceTree = "<group>";
		};
		6ED4F8521EBE27410074633B /* FXBlurView */ = {
			isa = PBXGroup;
			children = (
				6ED4F8531EBE27410074633B /* FXBlurView.h */,
				6ED4F8541EBE27410074633B /* FXBlurView.m */,
			);
			path = FXBlurView;
			sourceTree = "<group>";
		};
/* End PBXGroup section */

/* Begin PBXNativeTarget section */
		686A057A1D57184B009CD2D9 /* SRAlertViewDemo */ = {
			isa = PBXNativeTarget;
			buildConfigurationList = 686A05A81D57184C009CD2D9 /* Build configuration list for PBXNativeTarget "SRAlertViewDemo" */;
			buildPhases = (
				686A05771D57184B009CD2D9 /* Sources */,
				686A05781D57184B009CD2D9 /* Frameworks */,
				686A05791D57184B009CD2D9 /* Resources */,
			);
			buildRules = (
			);
			dependencies = (
			);
			name = SRAlertViewDemo;
			productName = SRAlertViewDemo;
			productReference = 686A057B1D57184B009CD2D9 /* SRAlertViewDemo.app */;
			productType = "com.apple.product-type.application";
		};
/* End PBXNativeTarget section */

/* Begin PBXProject section */
		686A05731D57184B009CD2D9 /* Project object */ = {
			isa = PBXProject;
			attributes = {
				LastUpgradeCheck = 0820;
				ORGANIZATIONNAME = SR;
				TargetAttributes = {
					686A057A1D57184B009CD2D9 = {
						CreatedOnToolsVersion = 7.3;
						DevelopmentTeam = Y4FK8UXDXW;
						ProvisioningStyle = Manual;
					};
				};
			};
			buildConfigurationList = 686A05761D57184B009CD2D9 /* Build configuration list for PBXProject "SRAlertViewDemo" */;
			compatibilityVersion = "Xcode 3.2";
			developmentRegion = English;
			hasScannedForEncodings = 0;
			knownRegions = (
				en,
				Base,
			);
			mainGroup = 686A05721D57184B009CD2D9;
			productRefGroup = 686A057C1D57184B009CD2D9 /* Products */;
			projectDirPath = "";
			projectRoot = "";
			targets = (
				686A057A1D57184B009CD2D9 /* SRAlertViewDemo */,
			);
		};
/* End PBXProject section */

/* Begin PBXResourcesBuildPhase section */
		686A05791D57184B009CD2D9 /* Resources */ = {
			isa = PBXResourcesBuildPhase;
			buildActionMask = 2147483647;
			files = (
				686A058E1D57184B009CD2D9 /* LaunchScreen.storyboard in Resources */,
				686A058B1D57184B009CD2D9 /* Assets.xcassets in Resources */,
				686A05891D57184B009CD2D9 /* Main.storyboard in Resources */,
			);
			runOnlyForDeploymentPostprocessing = 0;
		};
/* End PBXResourcesBuildPhase section */

/* Begin PBXSourcesBuildPhase section */
		686A05771D57184B009CD2D9 /* Sources */ = {
			isa = PBXSourcesBuildPhase;
			buildActionMask = 2147483647;
			files = (
				686A05861D57184B009CD2D9 /* ViewController.m in Sources */,
				6ED4F8571EBE27410074633B /* FXBlurView.m in Sources */,
				686A05831D57184B009CD2D9 /* AppDelegate.m in Sources */,
				686A05801D57184B009CD2D9 /* main.m in Sources */,
				6ED4F8581EBE27410074633B /* SRAlertView.m in Sources */,
			);
			runOnlyForDeploymentPostprocessing = 0;
		};
/* End PBXSourcesBuildPhase section */

/* Begin PBXVariantGroup section */
		686A05871D57184B009CD2D9 /* Main.storyboard */ = {
			isa = PBXVariantGroup;
			children = (
				686A05881D57184B009CD2D9 /* Base */,
			);
			name = Main.storyboard;
			sourceTree = "<group>";
		};
		686A058C1D57184B009CD2D9 /* LaunchScreen.storyboard */ = {
			isa = PBXVariantGroup;
			children = (
				686A058D1D57184B009CD2D9 /* Base */,
			);
			name = LaunchScreen.storyboard;
			sourceTree = "<group>";
		};
/* End PBXVariantGroup section */

/* Begin XCBuildConfiguration section */
		686A05A61D57184C009CD2D9 /* Debug */ = {
			isa = XCBuildConfiguration;
			buildSettings = {
				ALWAYS_SEARCH_USER_PATHS = NO;
				CLANG_ANALYZER_NONNULL = YES;
				CLANG_CXX_LANGUAGE_STANDARD = "gnu++0x";
				CLANG_CXX_LIBRARY = "libc++";
				CLANG_ENABLE_MODULES = YES;
				CLANG_ENABLE_OBJC_ARC = YES;
				CLANG_WARN_BOOL_CONVERSION = YES;
				CLANG_WARN_CONSTANT_CONVERSION = YES;
				CLANG_WARN_DIRECT_OBJC_ISA_USAGE = YES_ERROR;
				CLANG_WARN_EMPTY_BODY = YES;
				CLANG_WARN_ENUM_CONVERSION = YES;
				CLANG_WARN_INFINITE_RECURSION = YES;
				CLANG_WARN_INT_CONVERSION = YES;
				CLANG_WARN_OBJC_ROOT_CLASS = YES_ERROR;
				CLANG_WARN_SUSPICIOUS_MOVE = YES;
				CLANG_WARN_UNREACHABLE_CODE = YES;
				CLANG_WARN__DUPLICATE_METHOD_MATCH = YES;
				"CODE_SIGN_IDENTITY[sdk=iphoneos*]" = "iPhone Developer";
				COPY_PHASE_STRIP = NO;
				DEBUG_INFORMATION_FORMAT = dwarf;
				ENABLE_STRICT_OBJC_MSGSEND = YES;
				ENABLE_TESTABILITY = YES;
				GCC_C_LANGUAGE_STANDARD = gnu99;
				GCC_DYNAMIC_NO_PIC = NO;
				GCC_NO_COMMON_BLOCKS = YES;
				GCC_OPTIMIZATION_LEVEL = 0;
				GCC_PREPROCESSOR_DEFINITIONS = (
					"DEBUG=1",
					"$(inherited)",
				);
				GCC_WARN_64_TO_32_BIT_CONVERSION = YES;
				GCC_WARN_ABOUT_RETURN_TYPE = YES_ERROR;
				GCC_WARN_UNDECLARED_SELECTOR = YES;
				GCC_WARN_UNINITIALIZED_AUTOS = YES_AGGRESSIVE;
				GCC_WARN_UNUSED_FUNCTION = YES;
				GCC_WARN_UNUSED_VARIABLE = YES;
				IPHONEOS_DEPLOYMENT_TARGET = 9.3;
				MTL_ENABLE_DEBUG_INFO = YES;
				ONLY_ACTIVE_ARCH = YES;
				SDKROOT = iphoneos;
			};
			name = Debug;
		};
		686A05A71D57184C009CD2D9 /* Release */ = {
			isa = XCBuildConfiguration;
			buildSettings = {
				ALWAYS_SEARCH_USER_PATHS = NO;
				CLANG_ANALYZER_NONNULL = YES;
				CLANG_CXX_LANGUAGE_STANDARD = "gnu++0x";
				CLANG_CXX_LIBRARY = "libc++";
				CLANG_ENABLE_MODULES = YES;
				CLANG_ENABLE_OBJC_ARC = YES;
				CLANG_WARN_BOOL_CONVERSION = YES;
				CLANG_WARN_CONSTANT_CONVERSION = YES;
				CLANG_WARN_DIRECT_OBJC_ISA_USAGE = YES_ERROR;
				CLANG_WARN_EMPTY_BODY = YES;
				CLANG_WARN_ENUM_CONVERSION = YES;
				CLANG_WARN_INFINITE_RECURSION = YES;
				CLANG_WARN_INT_CONVERSION = YES;
				CLANG_WARN_OBJC_ROOT_CLASS = YES_ERROR;
				CLANG_WARN_SUSPICIOUS_MOVE = YES;
				CLANG_WARN_UNREACHABLE_CODE = YES;
				CLANG_WARN__DUPLICATE_METHOD_MATCH = YES;
				"CODE_SIGN_IDENTITY[sdk=iphoneos*]" = "iPhone Developer";
				COPY_PHASE_STRIP = NO;
				DEBUG_INFORMATION_FORMAT = "dwarf-with-dsym";
				ENABLE_NS_ASSERTIONS = NO;
				ENABLE_STRICT_OBJC_MSGSEND = YES;
				GCC_C_LANGUAGE_STANDARD = gnu99;
				GCC_NO_COMMON_BLOCKS = YES;
				GCC_WARN_64_TO_32_BIT_CONVERSION = YES;
				GCC_WARN_ABOUT_RETURN_TYPE = YES_ERROR;
				GCC_WARN_UNDECLARED_SELECTOR = YES;
				GCC_WARN_UNINITIALIZED_AUTOS = YES_AGGRESSIVE;
				GCC_WARN_UNUSED_FUNCTION = YES;
				GCC_WARN_UNUSED_VARIABLE = YES;
				IPHONEOS_DEPLOYMENT_TARGET = 9.3;
				MTL_ENABLE_DEBUG_INFO = NO;
				SDKROOT = iphoneos;
				VALIDATE_PRODUCT = YES;
			};
			name = Release;
		};
		686A05A91D57184C009CD2D9 /* Debug */ = {
			isa = XCBuildConfiguration;
			buildSettings = {
				ASSETCATALOG_COMPILER_APPICON_NAME = AppIcon;
				DEVELOPMENT_TEAM = Y4FK8UXDXW;
				INFOPLIST_FILE = SRAlertViewDemo/Info.plist;
				IPHONEOS_DEPLOYMENT_TARGET = 8.0;
				LD_RUNPATH_SEARCH_PATHS = "$(inherited) @executable_path/Frameworks";
				PRODUCT_BUNDLE_IDENTIFIER = com.willing.SRAlertViewDemo;
				PRODUCT_NAME = "$(TARGET_NAME)";
				PROVISIONING_PROFILE = "b37cda96-8f5e-4e66-b454-438b5140edb4";
				PROVISIONING_PROFILE_SPECIFIER = PPForAll;
			};
			name = Debug;
		};
		686A05AA1D57184C009CD2D9 /* Release */ = {
			isa = XCBuildConfiguration;
			buildSettings = {
				ASSETCATALOG_COMPILER_APPICON_NAME = AppIcon;
				DEVELOPMENT_TEAM = Y4FK8UXDXW;
				INFOPLIST_FILE = SRAlertViewDemo/Info.plist;
				IPHONEOS_DEPLOYMENT_TARGET = 8.0;
				LD_RUNPATH_SEARCH_PATHS = "$(inherited) @executable_path/Frameworks";
				PRODUCT_BUNDLE_IDENTIFIER = com.willing.SRAlertViewDemo;
				PRODUCT_NAME = "$(TARGET_NAME)";
				PROVISIONING_PROFILE = "b37cda96-8f5e-4e66-b454-438b5140edb4";
				PROVISIONING_PROFILE_SPECIFIER = PPForAll;
			};
			name = Release;
		};
/* End XCBuildConfiguration section */

/* Begin XCConfigurationList section */
		686A05761D57184B009CD2D9 /* Build configuration list for PBXProject "SRAlertViewDemo" */ = {
			isa = XCConfigurationList;
			buildConfigurations = (
				686A05A61D57184C009CD2D9 /* Debug */,
				686A05A71D57184C009CD2D9 /* Release */,
			);
			defaultConfigurationIsVisible = 0;
			defaultConfigurationName = Release;
		};
		686A05A81D57184C009CD2D9 /* Build configuration list for PBXNativeTarget "SRAlertViewDemo" */ = {
			isa = XCConfigurationList;
			buildConfigurations = (
				686A05A91D57184C009CD2D9 /* Debug */,
				686A05AA1D57184C009CD2D9 /* Release */,
			);
			defaultConfigurationIsVisible = 0;
			defaultConfigurationName = Release;
		};
/* End XCConfigurationList section */
	};
	rootObject = 686A05731D57184B009CD2D9 /* Project object */;
}
